
Microsoft Visual Studio Solution File, Format Version 12.00
# Visual Studio 15
VisualStudioVersion = 15.0.27703.2018
MinimumVisualStudioVersion = 10.0.40219.1
Project("{FAE04EC0-301F-11D3-BF4B-00C04F79EFBC}") = "ECommerceSite.SingleProjectSolution", "ECommerceSite.SingleProjectSolution\ECommerceSite.SingleProjectSolution.csproj", "{949B2AD4-BC1F-4E59-898B-3244F4AE01B3}"
EndProject
Global
	GlobalSection(SolutionConfigurationPlatforms) = preSolution
		Debug|Any CPU = Debug|Any CPU
		Release|Any CPU = Release|Any CPU
	EndGlobalSection
	GlobalSection(ProjectConfigurationPlatforms) = postSolution
		{949B2AD4-BC1F-4E59-898B-3244F4AE01B3}.Debug|Any CPU.ActiveCfg = Debug|Any CPU
		{949B2AD4-BC1F-4E59-898B-3244F4AE01B3}.Debug|Any CPU.Build.0 = Debug|Any CPU
		{949B2AD4-BC1F-4E59-898B-3244F4AE01B3}.Release|Any CPU.ActiveCfg = Release|Any CPU
		{949B2AD4-BC1F-4E59-898B-3244F4AE01B3}.Release|Any CPU.Build.0 = Release|Any CPU
	EndGlobalSection
	GlobalSection(SolutionProperties) = preSolution
		HideSolutionNode = FALSE
	EndGlobalSection
	GlobalSection(ExtensibilityGlobals) = postSolution
		SolutionGuid = {FFB1047E-7E03-4D82-9FAC-7F41C6F014BD}
	EndGlobalSection
EndGlobal
